// !$*UTF8*$!
{
	archiveVersion = 1;
	classes = {
	};
	objectVersion = 46;
	objects = {

/* Begin PBXBuildFile section */
		5D1E1AA11907D54500A7080B /* Foundation.framework in Frameworks */ = {isa = PBXBuildFile; fileRef = 5D1E1AA01907D54500A7080B /* Foundation.framework */; };
		5D1E1AA31907D54500A7080B /* CoreGraphics.framework in Frameworks */ = {isa = PBXBuildFile; fileRef = 5D1E1AA21907D54500A7080B /* CoreGraphics.framework */; };
		5D1E1AA51907D54500A7080B /* UIKit.framework in Frameworks */ = {isa = PBXBuildFile; fileRef = 5D1E1AA41907D54500A7080B /* UIKit.framework */; };
		5D1E1AAB1907D54500A7080B /* InfoPlist.strings in Resources */ = {isa = PBXBuildFile; fileRef = 5D1E1AA91907D54500A7080B /* InfoPlist.strings */; };
		5D1E1AAD1907D54500A7080B /* main.m in Sources */ = {isa = PBXBuildFile; fileRef = 5D1E1AAC1907D54500A7080B /* main.m */; };
		5D1E1AB11907D54500A7080B /* AppDelegate.m in Sources */ = {isa = PBXBuildFile; fileRef = 5D1E1AB01907D54500A7080B /* AppDelegate.m */; };
		5D1E1AB31907D54500A7080B /* Images.xcassets in Resources */ = {isa = PBXBuildFile; fileRef = 5D1E1AB21907D54500A7080B /* Images.xcassets */; };
		5D1E1ABA1907D54500A7080B /* XCTest.framework in Frameworks */ = {isa = PBXBuildFile; fileRef = 5D1E1AB91907D54500A7080B /* XCTest.framework */; };
		5D1E1ABB1907D54500A7080B /* Foundation.framework in Frameworks */ = {isa = PBXBuildFile; fileRef = 5D1E1AA01907D54500A7080B /* Foundation.framework */; };
		5D1E1ABC1907D54500A7080B /* UIKit.framework in Frameworks */ = {isa = PBXBuildFile; fileRef = 5D1E1AA41907D54500A7080B /* UIKit.framework */; };
		5D1E1AC41907D54500A7080B /* InfoPlist.strings in Resources */ = {isa = PBXBuildFile; fileRef = 5D1E1AC21907D54500A7080B /* InfoPlist.strings */; };
		5D1E1AC61907D54500A7080B /* ToDoListTests.m in Sources */ = {isa = PBXBuildFile; fileRef = 5D1E1AC51907D54500A7080B /* ToDoListTests.m */; };
/* End PBXBuildFile section */

/* Begin PBXContainerItemProxy section */
		5D1E1ABD1907D54500A7080B /* PBXContainerItemProxy */ = {
			isa = PBXContainerItemProxy;
			containerPortal = 5D1E1A951907D54500A7080B /* Project object */;
			proxyType = 1;
			remoteGlobalIDString = 5D1E1A9C1907D54500A7080B;
			remoteInfo = ToDoList;
		};
/* End PBXContainerItemProxy section */

/* Begin PBXFileReference section */
		5D1E1A9D1907D54500A7080B /* ToDoList.app */ = {isa = PBXFileReference; explicitFileType = wrapper.application; includeInIndex = 0; path = ToDoList.app; sourceTree = BUILT_PRODUCTS_DIR; };
		5D1E1AA01907D54500A7080B /* Foundation.framework */ = {isa = PBXFileReference; lastKnownFileType = wrapper.framework; name = Foundation.framework; path = System/Library/Frameworks/Foundation.framework; sourceTree = SDKROOT; };
		5D1E1AA21907D54500A7080B /* CoreGraphics.framework */ = {isa = PBXFileReference; lastKnownFileType = wrapper.framework; name = CoreGraphics.framework; path = System/Library/Frameworks/CoreGraphics.framework; sourceTree = SDKROOT; };
		5D1E1AA41907D54500A7080B /* UIKit.framework */ = {isa = PBXFileReference; lastKnownFileType = wrapper.framework; name = UIKit.framework; path = System/Library/Frameworks/UIKit.framework; sourceTree = SDKROOT; };
		5D1E1AA81907D54500A7080B /* ToDoList-Info.plist */ = {isa = PBXFileReference; lastKnownFileType = text.plist.xml; path = "ToDoList-Info.plist"; sourceTree = "<group>"; };
		5D1E1AAA1907D54500A7080B /* en */ = {isa = PBXFileReference; lastKnownFileType = text.plist.strings; name = en; path = en.lproj/InfoPlist.strings; sourceTree = "<group>"; };
		5D1E1AAC1907D54500A7080B /* main.m */ = {isa = PBXFileReference; lastKnownFileType = sourcecode.c.objc; path = main.m; sourceTree = "<group>"; };
		5D1E1AAE1907D54500A7080B /* ToDoList-Prefix.pch */ = {isa = PBXFileReference; lastKnownFileType = sourcecode.c.h; path = "ToDoList-Prefix.pch"; sourceTree = "<group>"; };
		5D1E1AAF1907D54500A7080B /* AppDelegate.h */ = {isa = PBXFileReference; lastKnownFileType = sourcecode.c.h; path = AppDelegate.h; sourceTree = "<group>"; };
		5D1E1AB01907D54500A7080B /* AppDelegate.m */ = {isa = PBXFileReference; lastKnownFileType = sourcecode.c.objc; path = AppDelegate.m; sourceTree = "<group>"; };
		5D1E1AB21907D54500A7080B /* Images.xcassets */ = {isa = PBXFileReference; lastKnownFileType = folder.assetcatalog; path = Images.xcassets; sourceTree = "<group>"; };
		5D1E1AB81907D54500A7080B /* ToDoListTests.xctest */ = {isa = PBXFileReference; explicitFileType = wrapper.cfbundle; includeInIndex = 0; path = ToDoListTests.xctest; sourceTree = BUILT_PRODUCTS_DIR; };
		5D1E1AB91907D54500A7080B /* XCTest.framework */ = {isa = PBXFileReference; lastKnownFileType = wrapper.framework; name = XCTest.framework; path = Library/Frameworks/XCTest.framework; sourceTree = DEVELOPER_DIR; };
		5D1E1AC11907D54500A7080B /* ToDoListTests-Info.plist */ = {isa = PBXFileReference; lastKnownFileType = text.plist.xml; path = "ToDoListTests-Info.plist"; sourceTree = "<group>"; };
		5D1E1AC31907D54500A7080B /* en */ = {isa = PBXFileReference; lastKnownFileType = text.plist.strings; name = en; path = en.lproj/InfoPlist.strings; sourceTree = "<group>"; };
		5D1E1AC51907D54500A7080B /* ToDoListTests.m */ = {isa = PBXFileReference; lastKnownFileType = sourcecode.c.objc; path = ToDoListTests.m; sourceTree = "<group>"; };
/* End PBXFileReference section */

/* Begin PBXFrameworksBuildPhase section */
		5D1E1A9A1907D54500A7080B /* Frameworks */ = {
			isa = PBXFrameworksBuildPhase;
			buildActionMask = 2147483647;
			files = (
				5D1E1AA31907D54500A7080B /* CoreGraphics.framework in Frameworks */,
				5D1E1AA51907D54500A7080B /* UIKit.framework in Frameworks */,
				5D1E1AA11907D54500A7080B /* Foundation.framework in Frameworks */,
			);
			runOnlyForDeploymentPostprocessing = 0;
		};
		5D1E1AB51907D54500A7080B /* Frameworks */ = {
			isa = PBXFrameworksBuildPhase;
			buildActionMask = 2147483647;
			files = (
				5D1E1ABA1907D54500A7080B /* XCTest.framework in Frameworks */,
				5D1E1ABC1907D54500A7080B /* UIKit.framework in Frameworks */,
				5D1E1ABB1907D54500A7080B /* Foundation.framework in Frameworks */,
			);
			runOnlyForDeploymentPostprocessing = 0;
		};
/* End PBXFrameworksBuildPhase section */

/* Begin PBXGroup section */
		5D1E1A941907D54500A7080B = {
			isa = PBXGroup;
			children = (
				5D1E1AA61907D54500A7080B /* ToDoList */,
				5D1E1ABF1907D54500A7080B /* ToDoListTests */,
				5D1E1A9F1907D54500A7080B /* Frameworks */,
				5D1E1A9E1907D54500A7080B /* Products */,
			);
			sourceTree = "<group>";
		};
		5D1E1A9E1907D54500A7080B /* Products */ = {
			isa = PBXGroup;
			children = (
				5D1E1A9D1907D54500A7080B /* ToDoList.app */,
				5D1E1AB81907D54500A7080B /* ToDoListTests.xctest */,
			);
			name = Products;
			sourceTree = "<group>";
		};
		5D1E1A9F1907D54500A7080B /* Frameworks */ = {
			isa = PBXGroup;
			children = (
				5D1E1AA01907D54500A7080B /* Foundation.framework */,
				5D1E1AA21907D54500A7080B /* CoreGraphics.framework */,
				5D1E1AA41907D54500A7080B /* UIKit.framework */,
				5D1E1AB91907D54500A7080B /* XCTest.framework */,
			);
			name = Frameworks;
			sourceTree = "<group>";
		};
		5D1E1AA61907D54500A7080B /* ToDoList */ = {
			isa = PBXGroup;
			children = (
				5D1E1AAF1907D54500A7080B /* AppDelegate.h */,
				5D1E1AB01907D54500A7080B /* AppDelegate.m */,
				5D1E1AB21907D54500A7080B /* Images.xcassets */,
				5D1E1AA71907D54500A7080B /* Supporting Files */,
			);
			path = ToDoList;
			sourceTree = "<group>";
		};
		5D1E1AA71907D54500A7080B /* Supporting Files */ = {
			isa = PBXGroup;
			children = (
				5D1E1AA81907D54500A7080B /* ToDoList-Info.plist */,
				5D1E1AA91907D54500A7080B /* InfoPlist.strings */,
				5D1E1AAC1907D54500A7080B /* main.m */,
				5D1E1AAE1907D54500A7080B /* ToDoList-Prefix.pch */,
			);
			name = "Supporting Files";
			sourceTree = "<group>";
		};
		5D1E1ABF1907D54500A7080B /* ToDoListTests */ = {
			isa = PBXGroup;
			children = (
				5D1E1AC51907D54500A7080B /* ToDoListTests.m */,
				5D1E1AC01907D54500A7080B /* Supporting Files */,
			);
			path = ToDoListTests;
			sourceTree = "<group>";
		};
		5D1E1AC01907D54500A7080B /* Supporting Files */ = {
			isa = PBXGroup;
			children = (
				5D1E1AC11907D54500A7080B /* ToDoListTests-Info.plist */,
				5D1E1AC21907D54500A7080B /* InfoPlist.strings */,
			);
			name = "Supporting Files";
			sourceTree = "<group>";
		};
/* End PBXGroup section */

/* Begin PBXNativeTarget section */
		5D1E1A9C1907D54500A7080B /* ToDoList */ = {
			isa = PBXNativeTarget;
			buildConfigurationList = 5D1E1AC91907D54500A7080B /* Build configuration list for PBXNativeTarget "ToDoList" */;
			buildPhases = (
				5D1E1A991907D54500A7080B /* Sources */,
				5D1E1A9A1907D54500A7080B /* Frameworks */,
				5D1E1A9B1907D54500A7080B /* Resources */,
			);
			buildRules = (
			);
			dependencies = (
			);
			name = ToDoList;
			productName = ToDoList;
			productReference = 5D1E1A9D1907D54500A7080B /* ToDoList.app */;
			productType = "com.apple.product-type.application";
		};
		5D1E1AB71907D54500A7080B /* ToDoListTests */ = {
			isa = PBXNativeTarget;
			buildConfigurationList = 5D1E1ACC1907D54500A7080B /* Build configuration list for PBXNativeTarget "ToDoListTests" */;
			buildPhases = (
				5D1E1AB41907D54500A7080B /* Sources */,
				5D1E1AB51907D54500A7080B /* Frameworks */,
				5D1E1AB61907D54500A7080B /* Resources */,
			);
			buildRules = (
			);
			dependencies = (
				5D1E1ABE1907D54500A7080B /* PBXTargetDependency */,
			);
			name = ToDoListTests;
			productName = ToDoListTests;
			productReference = 5D1E1AB81907D54500A7080B /* ToDoListTests.xctest */;
			productType = "com.apple.product-type.bundle.unit-test";
		};
/* End PBXNativeTarget section */

/* Begin PBXProject section */
		5D1E1A951907D54500A7080B /* Project object */ = {
			isa = PBXProject;
			attributes = {
				LastUpgradeCheck = 0510;
				ORGANIZATIONNAME = Innovalynx;
				TargetAttributes = {
					5D1E1AB71907D54500A7080B = {
						TestTargetID = 5D1E1A9C1907D54500A7080B;
					};
				};
			};
			buildConfigurationList = 5D1E1A981907D54500A7080B /* Build configuration list for PBXProject "ToDoList" */;
			compatibilityVersion = "Xcode 3.2";
			developmentRegion = English;
			hasScannedForEncodings = 0;
			knownRegions = (
				en,
			);
			mainGroup = 5D1E1A941907D54500A7080B;
			productRefGroup = 5D1E1A9E1907D54500A7080B /* Products */;
			projectDirPath = "";
			projectRoot = "";
			targets = (
				5D1E1A9C1907D54500A7080B /* ToDoList */,
				5D1E1AB71907D54500A7080B /* ToDoListTests */,
			);
		};
/* End PBXProject section */

/* Begin PBXResourcesBuildPhase section */
		5D1E1A9B1907D54500A7080B /* Resources */ = {
			isa = PBXResourcesBuildPhase;
			buildActionMask = 2147483647;
			files = (
				5D1E1AAB1907D54500A7080B /* InfoPlist.strings in Resources */,
				5D1E1AB31907D54500A7080B /* Images.xcassets in Resources */,
			);
			runOnlyForDeploymentPostprocessing = 0;
		};
		5D1E1AB61907D54500A7080B /* Resources */ = {
			isa = PBXResourcesBuildPhase;
			buildActionMask = 2147483647;
			files = (
				5D1E1AC41907D54500A7080B /* InfoPlist.strings in Resources */,
			);
			runOnlyForDeploymentPostprocessing = 0;
		};
/* End PBXResourcesBuildPhase section */

/* Begin PBXSourcesBuildPhase section */
		5D1E1A991907D54500A7080B /* Sources */ = {
			isa = PBXSourcesBuildPhase;
			buildActionMask = 2147483647;
			files = (
				5D1E1AB11907D54500A7080B /* AppDelegate.m in Sources */,
				5D1E1AAD1907D54500A7080B /* main.m in Sources */,
			);
			runOnlyForDeploymentPostprocessing = 0;
		};
		5D1E1AB41907D54500A7080B /* Sources */ = {
			isa = PBXSourcesBuildPhase;
			buildActionMask = 2147483647;
			files = (
				5D1E1AC61907D54500A7080B /* ToDoListTests.m in Sources */,
			);
			runOnlyForDeploymentPostprocessing = 0;
		};
/* End PBXSourcesBuildPhase section */

/* Begin PBXTargetDependency section */
		5D1E1ABE1907D54500A7080B /* PBXTargetDependency */ = {
			isa = PBXTargetDependency;
			target = 5D1E1A9C1907D54500A7080B /* ToDoList */;
			targetProxy = 5D1E1ABD1907D54500A7080B /* PBXContainerItemProxy */;
		};
/* End PBXTargetDependency section */

/* Begin PBXVariantGroup section */
		5D1E1AA91907D54500A7080B /* InfoPlist.strings */ = {
			isa = PBXVariantGroup;
			children = (
				5D1E1AAA1907D54500A7080B /* en */,
			);
			name = InfoPlist.strings;
			sourceTree = "<group>";
		};
		5D1E1AC21907D54500A7080B /* InfoPlist.strings */ = {
			isa = PBXVariantGroup;
			children = (
				5D1E1AC31907D54500A7080B /* en */,
			);
			name = InfoPlist.strings;
			sourceTree = "<group>";
		};
/* End PBXVariantGroup section */

/* Begin XCBuildConfiguration section */
		5D1E1AC71907D54500A7080B /* Debug */ = {
			isa = XCBuildConfiguration;
			buildSettings = {
				ALWAYS_SEARCH_USER_PATHS = NO;
				CLANG_CXX_LANGUAGE_STANDARD = "gnu++0x";
				CLANG_CXX_LIBRARY = "libc++";
				CLANG_ENABLE_MODULES = YES;
				CLANG_ENABLE_OBJC_ARC = YES;
				CLANG_WARN_BOOL_CONVERSION = YES;
				CLANG_WARN_CONSTANT_CONVERSION = YES;
				CLANG_WARN_DIRECT_OBJC_ISA_USAGE = YES_ERROR;
				CLANG_WARN_EMPTY_BODY = YES;
				CLANG_WARN_ENUM_CONVERSION = YES;
				CLANG_WARN_INT_CONVERSION = YES;
				CLANG_WARN_OBJC_ROOT_CLASS = YES_ERROR;
				CLANG_WARN__DUPLICATE_METHOD_MATCH = YES;
				"CODE_SIGN_IDENTITY[sdk=iphoneos*]" = "iPhone Developer";
				COPY_PHASE_STRIP = NO;
				GCC_C_LANGUAGE_STANDARD = gnu99;
				GCC_DYNAMIC_NO_PIC = NO;
				GCC_OPTIMIZATION_LEVEL = 0;
				GCC_PREPROCESSOR_DEFINITIONS = (
					"DEBUG=1",
					"$(inherited)",
				);
				GCC_SYMBOLS_PRIVATE_EXTERN = NO;
				GCC_WARN_64_TO_32_BIT_CONVERSION = YES;
				GCC_WARN_ABOUT_RETURN_TYPE = YES_ERROR;
				GCC_WARN_UNDECLARED_SELECTOR = YES;
				GCC_WARN_UNINITIALIZED_AUTOS = YES_AGGRESSIVE;
				GCC_WARN_UNUSED_FUNCTION = YES;
				GCC_WARN_UNUSED_VARIABLE = YES;
				IPHONEOS_DEPLOYMENT_TARGET = 7.1;
				ONLY_ACTIVE_ARCH = YES;
				SDKROOT = iphoneos;
			};
			name = Debug;
		};
		5D1E1AC81907D54500A7080B /* Release */ = {
			isa = XCBuildConfiguration;
			buildSettings = {
				ALWAYS_SEARCH_USER_PATHS = NO;
				CLANG_CXX_LANGUAGE_STANDARD = "gnu++0x";
				CLANG_CXX_LIBRARY = "libc++";
				CLANG_ENABLE_MODULES = YES;
				CLANG_ENABLE_OBJC_ARC = YES;
				CLANG_WARN_BOOL_CONVERSION = YES;
				CLANG_WARN_CONSTANT_CONVERSION = YES;
				CLANG_WARN_DIRECT_OBJC_ISA_USAGE = YES_ERROR;
				CLANG_WARN_EMPTY_BODY = YES;
				CLANG_WARN_ENUM_CONVERSION = YES;
				CLANG_WARN_INT_CONVERSION = YES;
				CLANG_WARN_OBJC_ROOT_CLASS = YES_ERROR;
				CLANG_WARN__DUPLICATE_METHOD_MATCH = YES;
				"CODE_SIGN_IDENTITY[sdk=iphoneos*]" = "iPhone Developer";
				COPY_PHASE_STRIP = YES;
				ENABLE_NS_ASSERTIONS = NO;
				GCC_C_LANGUAGE_STANDARD = gnu99;
				GCC_WARN_64_TO_32_BIT_CONVERSION = YES;
				GCC_WARN_ABOUT_RETURN_TYPE = YES_ERROR;
				GCC_WARN_UNDECLARED_SELECTOR = YES;
				GCC_WARN_UNINITIALIZED_AUTOS = YES_AGGRESSIVE;
				GCC_WARN_UNUSED_FUNCTION = YES;
				GCC_WARN_UNUSED_VARIABLE = YES;
				IPHONEOS_DEPLOYMENT_TARGET = 7.1;
				SDKROOT = iphoneos;
				VALIDATE_PRODUCT = YES;
			};
			name = Release;
		};
		5D1E1ACA1907D54500A7080B /* Debug */ = {
			isa = XCBuildConfiguration;
			buildSettings = {
				ASSETCATALOG_COMPILER_APPICON_NAME = AppIcon;
				ASSETCATALOG_COMPILER_LAUNCHIMAGE_NAME = LaunchImage;
				GCC_PRECOMPILE_PREFIX_HEADER = YES;
				GCC_PREFIX_HEADER = "ToDoList/ToDoList-Prefix.pch";
				INFOPLIST_FILE = "ToDoList/ToDoList-Info.plist";
				PRODUCT_NAME = "$(TARGET_NAME)";
				WRAPPER_EXTENSION = app;
			};
			name = Debug;
		};
		5D1E1ACB1907D54500A7080B /* Release */ = {
			isa = XCBuildConfiguration;
			buildSettings = {
				ASSETCATALOG_COMPILER_APPICON_NAME = AppIcon;
				ASSETCATALOG_COMPILER_LAUNCHIMAGE_NAME = LaunchImage;
				GCC_PRECOMPILE_PREFIX_HEADER = YES;
				GCC_PREFIX_HEADER = "ToDoList/ToDoList-Prefix.pch";
				INFOPLIST_FILE = "ToDoList/ToDoList-Info.plist";
				PRODUCT_NAME = "$(TARGET_NAME)";
				WRAPPER_EXTENSION = app;
			};
			name = Release;
		};
		5D1E1ACD1907D54500A7080B /* Debug */ = {
			isa = XCBuildConfiguration;
			buildSettings = {
				BUNDLE_LOADER = "$(BUILT_PRODUCTS_DIR)/ToDoList.app/ToDoList";
				FRAMEWORK_SEARCH_PATHS = (
					"$(SDKROOT)/Developer/Library/Frameworks",
					"$(inherited)",
					"$(DEVELOPER_FRAMEWORKS_DIR)",
				);
				GCC_PRECOMPILE_PREFIX_HEADER = YES;
				GCC_PREFIX_HEADER = "ToDoList/ToDoList-Prefix.pch";
				GCC_PREPROCESSOR_DEFINITIONS = (
					"DEBUG=1",
					"$(inherited)",
				);
				INFOPLIST_FILE = "ToDoListTests/ToDoListTests-Info.plist";
				PRODUCT_NAME = "$(TARGET_NAME)";
				TEST_HOST = "$(BUNDLE_LOADER)";
				WRAPPER_EXTENSION = xctest;
			};
			name = Debug;
		};
		5D1E1ACE1907D54500A7080B /* Release */ = {
			isa = XCBuildConfiguration;
			buildSettings = {
				BUNDLE_LOADER = "$(BUILT_PRODUCTS_DIR)/ToDoList.app/ToDoList";
				FRAMEWORK_SEARCH_PATHS = (
					"$(SDKROOT)/Developer/Library/Frameworks",
					"$(inherited)",
					"$(DEVELOPER_FRAMEWORKS_DIR)",
				);
				GCC_PRECOMPILE_PREFIX_HEADER = YES;
				GCC_PREFIX_HEADER = "ToDoList/ToDoList-Prefix.pch";
				INFOPLIST_FILE = "ToDoListTests/ToDoListTests-Info.plist";
				PRODUCT_NAME = "$(TARGET_NAME)";
				TEST_HOST = "$(BUNDLE_LOADER)";
				WRAPPER_EXTENSION = xctest;
			};
			name = Release;
		};
/* End XCBuildConfiguration section */

/* Begin XCConfigurationList section */
		5D1E1A981907D54500A7080B /* Build configuration list for PBXProject "ToDoList" */ = {
			isa = XCConfigurationList;
			buildConfigurations = (
				5D1E1AC71907D54500A7080B /* Debug */,
				5D1E1AC81907D54500A7080B /* Release */,
			);
			defaultConfigurationIsVisible = 0;
			defaultConfigurationName = Release;
		};
		5D1E1AC91907D54500A7080B /* Build configuration list for PBXNativeTarget "ToDoList" */ = {
			isa = XCConfigurationList;
			buildConfigurations = (
				5D1E1ACA1907D54500A7080B /* Debug */,
				5D1E1ACB1907D54500A7080B /* Release */,
			);
			defaultConfigurationIsVisible = 0;
		};
		5D1E1ACC1907D54500A7080B /* Build configuration list for PBXNativeTarget "ToDoListTests" */ = {
			isa = XCConfigurationList;
			buildConfigurations = (
				5D1E1ACD1907D54500A7080B /* Debug */,
				5D1E1ACE1907D54500A7080B /* Release */,
			);
			defaultConfigurationIsVisible = 0;
		};
/* End XCConfigurationList section */
	};
	rootObject = 5D1E1A951907D54500A7080B /* Project object */;
}
